
Microsoft Visual Studio Solution File, Format Version 12.00
# Visual Studio Version 17
VisualStudioVersion = 17.0.31919.166
MinimumVisualStudioVersion = 10.0.40219.1
Project("{FAE04EC0-301F-11D3-BF4B-00C04F79EFBC}") = "Penzugyi_tanacsado", "Penzugyi_tanacsado.csproj", "{5E248A33-3EF5-4D28-B4EF-5FA1113A79C9}"
EndProject
Global
	GlobalSection(SolutionConfigurationPlatforms) = preSolution
		Debug|Any CPU = Debug|Any CPU
		Release|Any CPU = Release|Any CPU
	EndGlobalSection
	GlobalSection(ProjectConfigurationPlatforms) = postSolution
		{5E248A33-3EF5-4D28-B4EF-5FA1113A79C9}.Debug|Any CPU.ActiveCfg = Debug|Any CPU
		{5E248A33-3EF5-4D28-B4EF-5FA1113A79C9}.Debug|Any CPU.Build.0 = Debug|Any CPU
		{5E248A33-3EF5-4D28-B4EF-5FA1113A79C9}.Release|Any CPU.ActiveCfg = Release|Any CPU
		{5E248A33-3EF5-4D28-B4EF-5FA1113A79C9}.Release|Any CPU.Build.0 = Release|Any CPU
	EndGlobalSection
	GlobalSection(SolutionProperties) = preSolution
		HideSolutionNode = FALSE
	EndGlobalSection
	GlobalSection(ExtensibilityGlobals) = postSolution
		SolutionGuid = {682742C8-FBB4-4788-AD26-13D96CF3A248}
	EndGlobalSection
EndGlobal
